// !$*UTF8*$!
{
	archiveVersion = 1;
	classes = {
	};
	objectVersion = 77;
	objects = {

/* Begin PBXBuildFile section */
		0472B2384ADF0626A2962D34 /* MilewaySyncModels.swift in Sources */ = {isa = PBXBuildFile; fileRef = 6D5F14FEDB21C9BE211272AC /* MilewaySyncModels.swift */; };
		155AA8BCA2F1FF1FF3FA589C /* MilewayWatch.app in Embed Watch Content */ = {isa = PBXBuildFile; fileRef = 3408BF1238111660C52B82AD /* MilewayWatch.app */; settings = {ATTRIBUTES = (RemoveHeadersOnCopy, ); }; };
		307C2654CD5972A25FB7FD87 /* iOSApp.swift in Sources */ = {isa = PBXBuildFile; fileRef = 668CECA83ACC03A83C85A623 /* iOSApp.swift */; };
		38683ACAC990751F0AA92EFC /* Mileway.framework in Frameworks */ = {isa = PBXBuildFile; fileRef = 09A024EED53672A3583D2772 /* Mileway.framework */; };
		3D73BE78ED4B7A82D1BB1306 /* MilewayWidgetsBundle.swift in Sources */ = {isa = PBXBuildFile; fileRef = 4C5B4EB34FE5C8CCFD2210AB /* MilewayWidgetsBundle.swift */; };
		449589A19DEF21181D487380 /* MilewayWatchGraph.swift in Sources */ = {isa = PBXBuildFile; fileRef = 8C1D61413F7E3E63A3502BC0 /* MilewayWatchGraph.swift */; };
		4A478EC07931B8F604A3D089 /* MilewaySyncModels.swift in Sources */ = {isa = PBXBuildFile; fileRef = 6D5F14FEDB21C9BE211272AC /* MilewaySyncModels.swift */; };
		50C24907291FBA199B04B12B /* TrackingLiveActivityController.swift in Sources */ = {isa = PBXBuildFile; fileRef = 725FADE80ADD26488304CA75 /* TrackingLiveActivityController.swift */; };
		55ECA006251AB9DA9904133E /* MilewayActivityAttributes.swift in Sources */ = {isa = PBXBuildFile; fileRef = 342B5DD88093B5E69642D26E /* MilewayActivityAttributes.swift */; };
		56B0305B5D3847FC6B326502 /* ContentView.swift in Sources */ = {isa = PBXBuildFile; fileRef = CE8509E5A49E4A5CAAEB3ADB /* ContentView.swift */; };
		6542FA3FE29BB94B181C9145 /* TrackingLiveActivity.swift in Sources */ = {isa = PBXBuildFile; fileRef = D82548D16AAFAF0F82B19746 /* TrackingLiveActivity.swift */; };
		6A9433079420A0908C5AF787 /* ToggleTrackingIntent.swift in Sources */ = {isa = PBXBuildFile; fileRef = 934539E1038EDCE32F85CC15 /* ToggleTrackingIntent.swift */; };
		783360A3B62015A27CFDE018 /* MilewaySyncModels.swift in Sources */ = {isa = PBXBuildFile; fileRef = 6D5F14FEDB21C9BE211272AC /* MilewaySyncModels.swift */; };
		8B89BD7706E039328290B97A /* Mileway.framework in Embed Frameworks */ = {isa = PBXBuildFile; fileRef = 09A024EED53672A3583D2772 /* Mileway.framework */; settings = {ATTRIBUTES = (CodeSignOnCopy, RemoveHeadersOnCopy, ); }; };
		94929968F9F24A759F9DEE60 /* WatchDashboardModelTests.swift in Sources */ = {isa = PBXBuildFile; fileRef = C5D997782651414A5BD00A79 /* WatchDashboardModelTests.swift */; };
		982547CD67E6EC5B3853445E /* MilewayWidgets.appex in Embed Foundation Extensions */ = {isa = PBXBuildFile; fileRef = 927CAB2C06ADE37DB9C92138 /* MilewayWidgets.appex */; settings = {ATTRIBUTES = (RemoveHeadersOnCopy, ); }; };
		A6AF7E1739D67A1FD72D4230 /* WatchSyncBridge.swift in Sources */ = {isa = PBXBuildFile; fileRef = 58AEBA1AB6F890243A9E36D3 /* WatchSyncBridge.swift */; };
		AA86FB5A54A6C0E55CA41F5B /* WatchDashboardModel.swift in Sources */ = {isa = PBXBuildFile; fileRef = 10514A614A98E936225446FF /* WatchDashboardModel.swift */; };
		B1F13F12608D8F58D80BB382 /* MilewaySyncModelsTests.swift in Sources */ = {isa = PBXBuildFile; fileRef = EEDECC3427398E59EBDAC2E3 /* MilewaySyncModelsTests.swift */; };
		B841A2F272BC195F4D163B3C /* MilewayActivityAttributes.swift in Sources */ = {isa = PBXBuildFile; fileRef = 342B5DD88093B5E69642D26E /* MilewayActivityAttributes.swift */; };
		B918E0C00F3ACA645BF520D8 /* WatchRootView.swift in Sources */ = {isa = PBXBuildFile; fileRef = 775CAA27FC40AE26546D2ADC /* WatchRootView.swift */; };
		C1C08258C182196238B1F2A3 /* PhoneWatchSyncBridge.swift in Sources */ = {isa = PBXBuildFile; fileRef = 452F9BFCAD19BEA4E64088D3 /* PhoneWatchSyncBridge.swift */; };
		C308E16E1E42609ECA25C2A7 /* WatchDashboardView.swift in Sources */ = {isa = PBXBuildFile; fileRef = E0065C13010A83BA04483080 /* WatchDashboardView.swift */; };
		C87B4FA04BDA1DA04158D48E /* GoogleService-Info.plist in Resources */ = {isa = PBXBuildFile; fileRef = A55143988C4C8F291BE72E9A /* GoogleService-Info.plist */; };
		CB401EA2FB6DEAE4CD80D72E /* WatchTripListView.swift in Sources */ = {isa = PBXBuildFile; fileRef = B1EA19A896C975FD3795D223 /* WatchTripListView.swift */; };
		CD40F3B1E17882151DA1AC03 /* WatchApp.swift in Sources */ = {isa = PBXBuildFile; fileRef = B793F8131E4F61634C2845A1 /* WatchApp.swift */; };
		CF45D18033CCEFC0D3C7FEF7 /* MileageWidgetProvider.swift in Sources */ = {isa = PBXBuildFile; fileRef = 0336AF6170D915183C5FBB0D /* MileageWidgetProvider.swift */; };
		D54F4BA844397BADF61AF62C /* MileageWidgetViews.swift in Sources */ = {isa = PBXBuildFile; fileRef = D10DC23AA5359B7EEFBCE845 /* MileageWidgetViews.swift */; };
		F788359DF1336E6977E0D04C /* Assets.xcassets in Resources */ = {isa = PBXBuildFile; fileRef = 0DB9BE89BCB5056E43C4F34B /* Assets.xcassets */; };
		FDE52B8D57A097A60A4CF366 /* AppDelegate.swift in Sources */ = {isa = PBXBuildFile; fileRef = 8B6C1F485E0CF8BB70C9DDD2 /* AppDelegate.swift */; };
/* End PBXBuildFile section */

/* Begin PBXContainerItemProxy section */
		4FD8E345C5F05160EF836165 /* PBXContainerItemProxy */ = {
			isa = PBXContainerItemProxy;
			containerPortal = 242FB5348943441C388468CE /* Project object */;
			proxyType = 1;
			remoteGlobalIDString = 155299A8EB0461BB4E2034AC;
			remoteInfo = MilewayWatch;
		};
		91338768A6CE9DB3E999148E /* PBXContainerItemProxy */ = {
			isa = PBXContainerItemProxy;
			containerPortal = 242FB5348943441C388468CE /* Project object */;
			proxyType = 1;
			remoteGlobalIDString = 6B4D5EAFEEA2F0FF334FA698;
			remoteInfo = MilewayWidgets;
		};
		F57F84F461618BF31915A3E8 /* PBXContainerItemProxy */ = {
			isa = PBXContainerItemProxy;
			containerPortal = 242FB5348943441C388468CE /* Project object */;
			proxyType = 1;
			remoteGlobalIDString = 155299A8EB0461BB4E2034AC;
			remoteInfo = MilewayWatch;
		};
/* End PBXContainerItemProxy section */

/* Begin PBXCopyFilesBuildPhase section */
		DB76241340C08196BD9C492C /* Embed Frameworks */ = {
			isa = PBXCopyFilesBuildPhase;
			buildActionMask = 2147483647;
			dstPath = "";
			dstSubfolderSpec = 10;
			files = (
				8B89BD7706E039328290B97A /* Mileway.framework in Embed Frameworks */,
			);
			name = "Embed Frameworks";
			runOnlyForDeploymentPostprocessing = 0;
		};
		E99160E501832DB2CECE6CFF /* Embed Foundation Extensions */ = {
			isa = PBXCopyFilesBuildPhase;
			buildActionMask = 2147483647;
			dstPath = "";
			dstSubfolderSpec = 13;
			files = (
				982547CD67E6EC5B3853445E /* MilewayWidgets.appex in Embed Foundation Extensions */,
			);
			name = "Embed Foundation Extensions";
			runOnlyForDeploymentPostprocessing = 0;
		};
		F01D8D18E2E9E4BF5ED7A167 /* Embed Watch Content */ = {
			isa = PBXCopyFilesBuildPhase;
			buildActionMask = 2147483647;
			dstPath = "$(CONTENTS_FOLDER_PATH)/Watch";
			dstSubfolderSpec = 16;
			files = (
				155AA8BCA2F1FF1FF3FA589C /* MilewayWatch.app in Embed Watch Content */,
			);
			name = "Embed Watch Content";
			runOnlyForDeploymentPostprocessing = 0;
		};
/* End PBXCopyFilesBuildPhase section */

/* Begin PBXFileReference section */
		0336AF6170D915183C5FBB0D /* MileageWidgetProvider.swift */ = {isa = PBXFileReference; lastKnownFileType = sourcecode.swift; path = MileageWidgetProvider.swift; sourceTree = "<group>"; };
		09A024EED53672A3583D2772 /* Mileway.framework */ = {isa = PBXFileReference; lastKnownFileType = wrapper.framework; name = Mileway.framework; path = ../shared/build/bin/iosSimulatorArm64/debugFramework/Mileway.framework; sourceTree = "<group>"; };
		0DB9BE89BCB5056E43C4F34B /* Assets.xcassets */ = {isa = PBXFileReference; lastKnownFileType = folder.assetcatalog; path = Assets.xcassets; sourceTree = "<group>"; };
		10514A614A98E936225446FF /* WatchDashboardModel.swift */ = {isa = PBXFileReference; lastKnownFileType = sourcecode.swift; path = WatchDashboardModel.swift; sourceTree = "<group>"; };
		3408BF1238111660C52B82AD /* MilewayWatch.app */ = {isa = PBXFileReference; explicitFileType = wrapper.application; includeInIndex = 0; path = MilewayWatch.app; sourceTree = BUILT_PRODUCTS_DIR; };
		342B5DD88093B5E69642D26E /* MilewayActivityAttributes.swift */ = {isa = PBXFileReference; lastKnownFileType = sourcecode.swift; path = MilewayActivityAttributes.swift; sourceTree = "<group>"; };
		452F9BFCAD19BEA4E64088D3 /* PhoneWatchSyncBridge.swift */ = {isa = PBXFileReference; lastKnownFileType = sourcecode.swift; path = PhoneWatchSyncBridge.swift; sourceTree = "<group>"; };
		4C5B4EB34FE5C8CCFD2210AB /* MilewayWidgetsBundle.swift */ = {isa = PBXFileReference; lastKnownFileType = sourcecode.swift; path = MilewayWidgetsBundle.swift; sourceTree = "<group>"; };
		4ED225531C5A6AE1EE053CA3 /* MilewayWatchTests.xctest */ = {isa = PBXFileReference; explicitFileType = wrapper.cfbundle; includeInIndex = 0; path = MilewayWatchTests.xctest; sourceTree = BUILT_PRODUCTS_DIR; };
		58AEBA1AB6F890243A9E36D3 /* WatchSyncBridge.swift */ = {isa = PBXFileReference; lastKnownFileType = sourcecode.swift; path = WatchSyncBridge.swift; sourceTree = "<group>"; };
		668CECA83ACC03A83C85A623 /* iOSApp.swift */ = {isa = PBXFileReference; lastKnownFileType = sourcecode.swift; path = iOSApp.swift; sourceTree = "<group>"; };
		6D5F14FEDB21C9BE211272AC /* MilewaySyncModels.swift */ = {isa = PBXFileReference; lastKnownFileType = sourcecode.swift; path = MilewaySyncModels.swift; sourceTree = "<group>"; };
		725FADE80ADD26488304CA75 /* TrackingLiveActivityController.swift */ = {isa = PBXFileReference; lastKnownFileType = sourcecode.swift; path = TrackingLiveActivityController.swift; sourceTree = "<group>"; };
		775CAA27FC40AE26546D2ADC /* WatchRootView.swift */ = {isa = PBXFileReference; lastKnownFileType = sourcecode.swift; path = WatchRootView.swift; sourceTree = "<group>"; };
		86038AE1032E284E79B32AD6 /* iosApp.app */ = {isa = PBXFileReference; includeInIndex = 0; lastKnownFileType = wrapper.application; path = iosApp.app; sourceTree = BUILT_PRODUCTS_DIR; };
		8B6C1F485E0CF8BB70C9DDD2 /* AppDelegate.swift */ = {isa = PBXFileReference; lastKnownFileType = sourcecode.swift; path = AppDelegate.swift; sourceTree = "<group>"; };
		8C1D61413F7E3E63A3502BC0 /* MilewayWatchGraph.swift */ = {isa = PBXFileReference; lastKnownFileType = sourcecode.swift; path = MilewayWatchGraph.swift; sourceTree = "<group>"; };
		927CAB2C06ADE37DB9C92138 /* MilewayWidgets.appex */ = {isa = PBXFileReference; includeInIndex = 0; lastKnownFileType = "wrapper.app-extension"; path = MilewayWidgets.appex; sourceTree = BUILT_PRODUCTS_DIR; };
		934539E1038EDCE32F85CC15 /* ToggleTrackingIntent.swift */ = {isa = PBXFileReference; lastKnownFileType = sourcecode.swift; path = ToggleTrackingIntent.swift; sourceTree = "<group>"; };
		A55143988C4C8F291BE72E9A /* GoogleService-Info.plist */ = {isa = PBXFileReference; lastKnownFileType = text.plist; path = "GoogleService-Info.plist"; sourceTree = "<group>"; };
		B1EA19A896C975FD3795D223 /* WatchTripListView.swift */ = {isa = PBXFileReference; lastKnownFileType = sourcecode.swift; path = WatchTripListView.swift; sourceTree = "<group>"; };
		B793F8131E4F61634C2845A1 /* WatchApp.swift */ = {isa = PBXFileReference; lastKnownFileType = sourcecode.swift; path = WatchApp.swift; sourceTree = "<group>"; };
		C5D997782651414A5BD00A79 /* WatchDashboardModelTests.swift */ = {isa = PBXFileReference; lastKnownFileType = sourcecode.swift; path = WatchDashboardModelTests.swift; sourceTree = "<group>"; };
		CE8509E5A49E4A5CAAEB3ADB /* ContentView.swift */ = {isa = PBXFileReference; lastKnownFileType = sourcecode.swift; path = ContentView.swift; sourceTree = "<group>"; };
		D10DC23AA5359B7EEFBCE845 /* MileageWidgetViews.swift */ = {isa = PBXFileReference; lastKnownFileType = sourcecode.swift; path = MileageWidgetViews.swift; sourceTree = "<group>"; };
		D82548D16AAFAF0F82B19746 /* TrackingLiveActivity.swift */ = {isa = PBXFileReference; lastKnownFileType = sourcecode.swift; path = TrackingLiveActivity.swift; sourceTree = "<group>"; };
		E0065C13010A83BA04483080 /* WatchDashboardView.swift */ = {isa = PBXFileReference; lastKnownFileType = sourcecode.swift; path = WatchDashboardView.swift; sourceTree = "<group>"; };
		EEDECC3427398E59EBDAC2E3 /* MilewaySyncModelsTests.swift */ = {isa = PBXFileReference; lastKnownFileType = sourcecode.swift; path = MilewaySyncModelsTests.swift; sourceTree = "<group>"; };
/* End PBXFileReference section */

/* Begin PBXFrameworksBuildPhase section */
		EF8A6E9BFD470986D9D5C9B5 /* Frameworks */ = {
			isa = PBXFrameworksBuildPhase;
			buildActionMask = 2147483647;
			files = (
				38683ACAC990751F0AA92EFC /* Mileway.framework in Frameworks */,
			);
			runOnlyForDeploymentPostprocessing = 0;
		};
/* End PBXFrameworksBuildPhase section */

/* Begin PBXGroup section */
		1A677E40BAD580B059E25ED3 /* MilewayWatchTests */ = {
			isa = PBXGroup;
			children = (
				EEDECC3427398E59EBDAC2E3 /* MilewaySyncModelsTests.swift */,
				C5D997782651414A5BD00A79 /* WatchDashboardModelTests.swift */,
			);
			path = MilewayWatchTests;
			sourceTree = "<group>";
		};
		1DB4B685CAEE8BEFEBBAEF94 /* iosApp */ = {
			isa = PBXGroup;
			children = (
				8B6C1F485E0CF8BB70C9DDD2 /* AppDelegate.swift */,
				CE8509E5A49E4A5CAAEB3ADB /* ContentView.swift */,
				A55143988C4C8F291BE72E9A /* GoogleService-Info.plist */,
				668CECA83ACC03A83C85A623 /* iOSApp.swift */,
				452F9BFCAD19BEA4E64088D3 /* PhoneWatchSyncBridge.swift */,
				725FADE80ADD26488304CA75 /* TrackingLiveActivityController.swift */,
			);
			path = iosApp;
			sourceTree = "<group>";
		};
		3666012298E772D226418813 /* Frameworks */ = {
			isa = PBXGroup;
			children = (
				09A024EED53672A3583D2772 /* Mileway.framework */,
			);
			name = Frameworks;
			sourceTree = "<group>";
		};
		38B69C3F79CD97858CF7B609 = {
			isa = PBXGroup;
			children = (
				1DB4B685CAEE8BEFEBBAEF94 /* iosApp */,
				960A0FC72537BAD0921F489E /* MilewayWatch */,
				1A677E40BAD580B059E25ED3 /* MilewayWatchTests */,
				5D368B157C080E629FD65397 /* MilewayWidgets */,
				D729CB25B4FA03B3484F4F1E /* Shared */,
				3666012298E772D226418813 /* Frameworks */,
				94C98B8B3A2BFC1966447269 /* Products */,
			);
			sourceTree = "<group>";
		};
		5D368B157C080E629FD65397 /* MilewayWidgets */ = {
			isa = PBXGroup;
			children = (
				0336AF6170D915183C5FBB0D /* MileageWidgetProvider.swift */,
				D10DC23AA5359B7EEFBCE845 /* MileageWidgetViews.swift */,
				4C5B4EB34FE5C8CCFD2210AB /* MilewayWidgetsBundle.swift */,
				934539E1038EDCE32F85CC15 /* ToggleTrackingIntent.swift */,
				D82548D16AAFAF0F82B19746 /* TrackingLiveActivity.swift */,
			);
			path = MilewayWidgets;
			sourceTree = "<group>";
		};
		94C98B8B3A2BFC1966447269 /* Products */ = {
			isa = PBXGroup;
			children = (
				86038AE1032E284E79B32AD6 /* iosApp.app */,
				3408BF1238111660C52B82AD /* MilewayWatch.app */,
				4ED225531C5A6AE1EE053CA3 /* MilewayWatchTests.xctest */,
				927CAB2C06ADE37DB9C92138 /* MilewayWidgets.appex */,
			);
			name = Products;
			sourceTree = "<group>";
		};
		960A0FC72537BAD0921F489E /* MilewayWatch */ = {
			isa = PBXGroup;
			children = (
				0DB9BE89BCB5056E43C4F34B /* Assets.xcassets */,
				8C1D61413F7E3E63A3502BC0 /* MilewayWatchGraph.swift */,
				B793F8131E4F61634C2845A1 /* WatchApp.swift */,
				10514A614A98E936225446FF /* WatchDashboardModel.swift */,
				E0065C13010A83BA04483080 /* WatchDashboardView.swift */,
				775CAA27FC40AE26546D2ADC /* WatchRootView.swift */,
				58AEBA1AB6F890243A9E36D3 /* WatchSyncBridge.swift */,
				B1EA19A896C975FD3795D223 /* WatchTripListView.swift */,
			);
			path = MilewayWatch;
			sourceTree = "<group>";
		};
		D729CB25B4FA03B3484F4F1E /* Shared */ = {
			isa = PBXGroup;
			children = (
				342B5DD88093B5E69642D26E /* MilewayActivityAttributes.swift */,
				6D5F14FEDB21C9BE211272AC /* MilewaySyncModels.swift */,
			);
			path = Shared;
			sourceTree = "<group>";
		};
/* End PBXGroup section */

/* Begin PBXNativeTarget section */
		155299A8EB0461BB4E2034AC /* MilewayWatch */ = {
			isa = PBXNativeTarget;
			buildConfigurationList = E71EBCBF67B11FE918CEC366 /* Build configuration list for PBXNativeTarget "MilewayWatch" */;
			buildPhases = (
				0F730B19B0F4F2A3265B7D5D /* Build KMP watch framework (lipo) */,
				76EA65584433E5EA3D45BB2C /* Sources */,
				464C905928A655C1B49EF74D /* Resources */,
			);
			buildRules = (
			);
			dependencies = (
			);
			name = MilewayWatch;
			packageProductDependencies = (
			);
			productName = MilewayWatch;
			productReference = 3408BF1238111660C52B82AD /* MilewayWatch.app */;
			productType = "com.apple.product-type.application";
		};
		25FE5153778DCBAD25E961D2 /* MilewayWatchTests */ = {
			isa = PBXNativeTarget;
			buildConfigurationList = 568BFC9281EA3F776983D52F /* Build configuration list for PBXNativeTarget "MilewayWatchTests" */;
			buildPhases = (
				CC120BE85F60E482A16A0C2E /* Sources */,
			);
			buildRules = (
			);
			dependencies = (
				70343B676ECAAE5B1C96BBFB /* PBXTargetDependency */,
			);
			name = MilewayWatchTests;
			packageProductDependencies = (
			);
			productName = MilewayWatchTests;
			productReference = 4ED225531C5A6AE1EE053CA3 /* MilewayWatchTests.xctest */;
			productType = "com.apple.product-type.bundle.unit-test";
		};
		6B4D5EAFEEA2F0FF334FA698 /* MilewayWidgets */ = {
			isa = PBXNativeTarget;
			buildConfigurationList = EAC5BFABC74D56533EE1A3CA /* Build configuration list for PBXNativeTarget "MilewayWidgets" */;
			buildPhases = (
				4D4DE615279DBE6D60585685 /* Sources */,
			);
			buildRules = (
			);
			dependencies = (
			);
			name = MilewayWidgets;
			packageProductDependencies = (
			);
			productName = MilewayWidgets;
			productReference = 927CAB2C06ADE37DB9C92138 /* MilewayWidgets.appex */;
			productType = "com.apple.product-type.app-extension";
		};
		78B53CC79860CBFC2F5543C6 /* iosApp */ = {
			isa = PBXNativeTarget;
			buildConfigurationList = 29DCA9F0B3A40325067EB163 /* Build configuration list for PBXNativeTarget "iosApp" */;
			buildPhases = (
				B80CB09103FF423E9A215DEE /* Build Kotlin Framework */,
				297B59D9CE634556D6007C40 /* Sources */,
				1623B02D10928C8101C1F806 /* Resources */,
				EF8A6E9BFD470986D9D5C9B5 /* Frameworks */,
				E99160E501832DB2CECE6CFF /* Embed Foundation Extensions */,
				DB76241340C08196BD9C492C /* Embed Frameworks */,
				F01D8D18E2E9E4BF5ED7A167 /* Embed Watch Content */,
			);
			buildRules = (
			);
			dependencies = (
				1A3D17684B86559C7BAAAA6A /* PBXTargetDependency */,
				DAE22E75C049A8308D214CC1 /* PBXTargetDependency */,
			);
			name = iosApp;
			packageProductDependencies = (
			);
			productName = iosApp;
			productReference = 86038AE1032E284E79B32AD6 /* iosApp.app */;
			productType = "com.apple.product-type.application";
		};
/* End PBXNativeTarget section */

/* Begin PBXProject section */
		242FB5348943441C388468CE /* Project object */ = {
			isa = PBXProject;
			attributes = {
				BuildIndependentTargetsInParallel = YES;
				LastUpgradeCheck = 1430;
				TargetAttributes = {
					155299A8EB0461BB4E2034AC = {
						ProvisioningStyle = Automatic;
					};
					25FE5153778DCBAD25E961D2 = {
						ProvisioningStyle = Automatic;
					};
					6B4D5EAFEEA2F0FF334FA698 = {
						ProvisioningStyle = Automatic;
					};
					78B53CC79860CBFC2F5543C6 = {
						ProvisioningStyle = Automatic;
					};
				};
			};
			buildConfigurationList = FF7CA1CA754D017066F1822F /* Build configuration list for PBXProject "iosApp" */;
			developmentRegion = en;
			hasScannedForEncodings = 0;
			knownRegions = (
				Base,
				en,
			);
			mainGroup = 38B69C3F79CD97858CF7B609;
			minimizedProjectReferenceProxies = 1;
			preferredProjectObjectVersion = 77;
			productRefGroup = 94C98B8B3A2BFC1966447269 /* Products */;
			projectDirPath = "";
			projectRoot = "";
			targets = (
				155299A8EB0461BB4E2034AC /* MilewayWatch */,
				25FE5153778DCBAD25E961D2 /* MilewayWatchTests */,
				6B4D5EAFEEA2F0FF334FA698 /* MilewayWidgets */,
				78B53CC79860CBFC2F5543C6 /* iosApp */,
			);
		};
/* End PBXProject section */

/* Begin PBXResourcesBuildPhase section */
		1623B02D10928C8101C1F806 /* Resources */ = {
			isa = PBXResourcesBuildPhase;
			buildActionMask = 2147483647;
			files = (
				C87B4FA04BDA1DA04158D48E /* GoogleService-Info.plist in Resources */,
			);
			runOnlyForDeploymentPostprocessing = 0;
		};
		464C905928A655C1B49EF74D /* Resources */ = {
			isa = PBXResourcesBuildPhase;
			buildActionMask = 2147483647;
			files = (
				F788359DF1336E6977E0D04C /* Assets.xcassets in Resources */,
			);
			runOnlyForDeploymentPostprocessing = 0;
		};
/* End PBXResourcesBuildPhase section */

/* Begin PBXShellScriptBuildPhase section */
		0F730B19B0F4F2A3265B7D5D /* Build KMP watch framework (lipo) */ = {
			isa = PBXShellScriptBuildPhase;
			alwaysOutOfDate = 1;
			buildActionMask = 2147483647;
			files = (
			);
			inputFileListPaths = (
			);
			inputPaths = (
			);
			name = "Build KMP watch framework (lipo)";
			outputFileListPaths = (
			);
			outputPaths = (
			);
			runOnlyForDeploymentPostprocessing = 0;
			shellPath = /bin/sh;
			shellScript = "set -e\ncd \"${SRCROOT}/..\"\n# Xcode's ${CONFIGURATION} is \"Debug\"/\"Release\" (capitalized), but Kotlin/Native's own\n# framework task output dir is lowerCamelCase (\"debugFramework\"/\"releaseFramework\") —\n# KOTLIN_FLAVOR lowercases just the first letter to match Kotlin's actual output path;\n# FLAVOR (unchanged) still names our own DEST dir and the gradle task itself.\nFLAVOR=\"${CONFIGURATION}Framework\"\nKOTLIN_FLAVOR=\"$(echo \"${CONFIGURATION:0:1}\" | tr '[:upper:]' '[:lower:]')${CONFIGURATION:1}Framework\"\nDEST=\"sharedWatch/build/bin/watchosCurrent/${FLAVOR}\"\nmkdir -p \"$DEST\"\nif [ \"${PLATFORM_NAME}\" = \"watchsimulator\" ]; then\n  ./gradlew \":sharedWatch:link${CONFIGURATION}FrameworkWatchosSimulatorArm64\"\n  rm -rf \"$DEST/SharedWatch.framework\"\n  cp -R \"sharedWatch/build/bin/watchosSimulatorArm64/${KOTLIN_FLAVOR}/SharedWatch.framework\" \"$DEST/SharedWatch.framework\"\nelse\n  ./gradlew \":sharedWatch:link${CONFIGURATION}FrameworkWatchosArm64\" \":sharedWatch:link${CONFIGURATION}FrameworkWatchosDeviceArm64\"\n  rm -rf \"$DEST/SharedWatch.framework\"\n  cp -R \"sharedWatch/build/bin/watchosArm64/${KOTLIN_FLAVOR}/SharedWatch.framework\" \"$DEST/SharedWatch.framework\"\n  lipo -create \\\n    \"sharedWatch/build/bin/watchosArm64/${KOTLIN_FLAVOR}/SharedWatch.framework/SharedWatch\" \\\n    \"sharedWatch/build/bin/watchosDeviceArm64/${KOTLIN_FLAVOR}/SharedWatch.framework/SharedWatch\" \\\n    -output \"$DEST/SharedWatch.framework/SharedWatch\"\nfi\n";
		};
		B80CB09103FF423E9A215DEE /* Build Kotlin Framework */ = {
			isa = PBXShellScriptBuildPhase;
			alwaysOutOfDate = 1;
			buildActionMask = 2147483647;
			files = (
			);
			inputFileListPaths = (
			);
			inputPaths = (
			);
			name = "Build Kotlin Framework";
			outputFileListPaths = (
			);
			outputPaths = (
			);
			runOnlyForDeploymentPostprocessing = 0;
			shellPath = /bin/sh;
			shellScript = "set -e\ncd \"${SRCROOT}/..\"\nif [ \"${CONFIGURATION}\" = \"Release\" ]; then\n  ./gradlew :shared:linkReleaseFrameworkIosSimulatorArm64\nelse\n  ./gradlew :shared:linkDebugFrameworkIosSimulatorArm64\nfi\n";
		};
/* End PBXShellScriptBuildPhase section */

/* Begin PBXSourcesBuildPhase section */
		297B59D9CE634556D6007C40 /* Sources */ = {
			isa = PBXSourcesBuildPhase;
			buildActionMask = 2147483647;
			files = (
				FDE52B8D57A097A60A4CF366 /* AppDelegate.swift in Sources */,
				56B0305B5D3847FC6B326502 /* ContentView.swift in Sources */,
				55ECA006251AB9DA9904133E /* MilewayActivityAttributes.swift in Sources */,
				783360A3B62015A27CFDE018 /* MilewaySyncModels.swift in Sources */,
				C1C08258C182196238B1F2A3 /* PhoneWatchSyncBridge.swift in Sources */,
				50C24907291FBA199B04B12B /* TrackingLiveActivityController.swift in Sources */,
				307C2654CD5972A25FB7FD87 /* iOSApp.swift in Sources */,
			);
			runOnlyForDeploymentPostprocessing = 0;
		};
		4D4DE615279DBE6D60585685 /* Sources */ = {
			isa = PBXSourcesBuildPhase;
			buildActionMask = 2147483647;
			files = (
				CF45D18033CCEFC0D3C7FEF7 /* MileageWidgetProvider.swift in Sources */,
				D54F4BA844397BADF61AF62C /* MileageWidgetViews.swift in Sources */,
				B841A2F272BC195F4D163B3C /* MilewayActivityAttributes.swift in Sources */,
				4A478EC07931B8F604A3D089 /* MilewaySyncModels.swift in Sources */,
				3D73BE78ED4B7A82D1BB1306 /* MilewayWidgetsBundle.swift in Sources */,
				6A9433079420A0908C5AF787 /* ToggleTrackingIntent.swift in Sources */,
				6542FA3FE29BB94B181C9145 /* TrackingLiveActivity.swift in Sources */,
			);
			runOnlyForDeploymentPostprocessing = 0;
		};
		76EA65584433E5EA3D45BB2C /* Sources */ = {
			isa = PBXSourcesBuildPhase;
			buildActionMask = 2147483647;
			files = (
				0472B2384ADF0626A2962D34 /* MilewaySyncModels.swift in Sources */,
				449589A19DEF21181D487380 /* MilewayWatchGraph.swift in Sources */,
				CD40F3B1E17882151DA1AC03 /* WatchApp.swift in Sources */,
				AA86FB5A54A6C0E55CA41F5B /* WatchDashboardModel.swift in Sources */,
				C308E16E1E42609ECA25C2A7 /* WatchDashboardView.swift in Sources */,
				B918E0C00F3ACA645BF520D8 /* WatchRootView.swift in Sources */,
				A6AF7E1739D67A1FD72D4230 /* WatchSyncBridge.swift in Sources */,
				CB401EA2FB6DEAE4CD80D72E /* WatchTripListView.swift in Sources */,
			);
			runOnlyForDeploymentPostprocessing = 0;
		};
		CC120BE85F60E482A16A0C2E /* Sources */ = {
			isa = PBXSourcesBuildPhase;
			buildActionMask = 2147483647;
			files = (
				B1F13F12608D8F58D80BB382 /* MilewaySyncModelsTests.swift in Sources */,
				94929968F9F24A759F9DEE60 /* WatchDashboardModelTests.swift in Sources */,
			);
			runOnlyForDeploymentPostprocessing = 0;
		};
/* End PBXSourcesBuildPhase section */

/* Begin PBXTargetDependency section */
		1A3D17684B86559C7BAAAA6A /* PBXTargetDependency */ = {
			isa = PBXTargetDependency;
			target = 155299A8EB0461BB4E2034AC /* MilewayWatch */;
			targetProxy = 4FD8E345C5F05160EF836165 /* PBXContainerItemProxy */;
		};
		70343B676ECAAE5B1C96BBFB /* PBXTargetDependency */ = {
			isa = PBXTargetDependency;
			target = 155299A8EB0461BB4E2034AC /* MilewayWatch */;
			targetProxy = F57F84F461618BF31915A3E8 /* PBXContainerItemProxy */;
		};
		DAE22E75C049A8308D214CC1 /* PBXTargetDependency */ = {
			isa = PBXTargetDependency;
			target = 6B4D5EAFEEA2F0FF334FA698 /* MilewayWidgets */;
			targetProxy = 91338768A6CE9DB3E999148E /* PBXContainerItemProxy */;
		};
/* End PBXTargetDependency section */

/* Begin XCBuildConfiguration section */
		00DCC71E775108B35120BD2B /* Debug */ = {
			isa = XCBuildConfiguration;
			buildSettings = {
				ARCHS = "arm64 arm64_32";
				BUNDLE_LOADER = "$(TEST_HOST)";
				CODE_SIGN_STYLE = Automatic;
				FRAMEWORK_SEARCH_PATHS = (
					"$(inherited)",
					"$(SRCROOT)/../sharedWatch/build/bin/watchosCurrent/$(CONFIGURATION)Framework",
				);
				GENERATE_INFOPLIST_FILE = YES;
				LD_RUNPATH_SEARCH_PATHS = (
					"$(inherited)",
					"@executable_path/Frameworks",
					"@loader_path/Frameworks",
				);
				PRODUCT_BUNDLE_IDENTIFIER = com.mileway.ios.watchkitapp.tests;
				PRODUCT_NAME = "$(TARGET_NAME)";
				SDKROOT = watchsimulator;
				SKIP_INSTALL = YES;
				SWIFT_VERSION = 5.0;
				TARGETED_DEVICE_FAMILY = 4;
				TEST_HOST = "$(BUILT_PRODUCTS_DIR)/MilewayWatch.app/MilewayWatch";
				WATCHOS_DEPLOYMENT_TARGET = 9.0;
			};
			name = Debug;
		};
		0F5EC5F049AD06BA761748B7 /* Release */ = {
			isa = XCBuildConfiguration;
			buildSettings = {
				ARCHS = "arm64 arm64_32";
				ASSETCATALOG_COMPILER_APPICON_NAME = AppIcon;
				CODE_SIGN_STYLE = Automatic;
				CURRENT_PROJECT_VERSION = 1;
				FRAMEWORK_SEARCH_PATHS = (
					"$(inherited)",
					"$(SRCROOT)/../sharedWatch/build/bin/watchosCurrent/$(CONFIGURATION)Framework",
				);
				GENERATE_INFOPLIST_FILE = NO;
				INFOPLIST_FILE = MilewayWatch/Info.plist;
				MARKETING_VERSION = 1.0;
				OTHER_LDFLAGS = (
					"$(inherited)",
					"-framework",
					SharedWatch,
				);
				PRODUCT_BUNDLE_IDENTIFIER = com.mileway.ios.watchkitapp;
				PRODUCT_NAME = "$(TARGET_NAME)";
				SDKROOT = watchsimulator;
				SKIP_INSTALL = YES;
				SWIFT_EMIT_LOC_STRINGS = YES;
				SWIFT_VERSION = 5.0;
				TARGETED_DEVICE_FAMILY = 4;
				WATCHOS_DEPLOYMENT_TARGET = 9.0;
				WKApplication = YES;
				WKCompanionAppBundleIdentifier = com.mileway.ios;
				WKRunsIndependentlyOfCompanionApp = YES;
			};
			name = Release;
		};
		11814011E7D6EC822BFBC66D /* Release */ = {
			isa = XCBuildConfiguration;
			buildSettings = {
				ALWAYS_SEARCH_USER_PATHS = NO;
				CLANG_ANALYZER_NONNULL = YES;
				CLANG_ANALYZER_NUMBER_OBJECT_CONVERSION = YES_AGGRESSIVE;
				CLANG_CXX_LANGUAGE_STANDARD = "gnu++20";
				CLANG_CXX_LIBRARY = "libc++";
				CLANG_ENABLE_MODULES = YES;
				CLANG_ENABLE_OBJC_ARC = YES;
				CLANG_ENABLE_OBJC_WEAK = YES;
				CLANG_WARN_BLOCK_CAPTURE_AUTORELEASING = YES;
				CLANG_WARN_BOOL_CONVERSION = YES;
				CLANG_WARN_COMMA = YES;
				CLANG_WARN_CONSTANT_CONVERSION = YES;
				CLANG_WARN_DEPRECATED_OBJC_IMPLEMENTATIONS = YES;
				CLANG_WARN_DIRECT_OBJC_ISA_USAGE = YES_ERROR;
				CLANG_WARN_DOCUMENTATION_COMMENTS = YES;
				CLANG_WARN_EMPTY_BODY = YES;
				CLANG_WARN_ENUM_CONVERSION = YES;
				CLANG_WARN_INFINITE_RECURSION = YES;
				CLANG_WARN_INT_CONVERSION = YES;
				CLANG_WARN_NON_LITERAL_NULL_CONVERSION = YES;
				CLANG_WARN_OBJC_IMPLICIT_RETAIN_SELF = YES;
				CLANG_WARN_OBJC_LITERAL_CONVERSION = YES;
				CLANG_WARN_OBJC_ROOT_CLASS = YES_ERROR;
				CLANG_WARN_QUOTED_INCLUDE_IN_FRAMEWORK_HEADER = YES;
				CLANG_WARN_RANGE_LOOP_ANALYSIS = YES;
				CLANG_WARN_STRICT_PROTOTYPES = YES;
				CLANG_WARN_SUSPICIOUS_MOVE = YES;
				CLANG_WARN_UNGUARDED_AVAILABILITY = YES_AGGRESSIVE;
				CLANG_WARN_UNREACHABLE_CODE = YES;
				CLANG_WARN__DUPLICATE_METHOD_MATCH = YES;
				COPY_PHASE_STRIP = NO;
				DEBUG_INFORMATION_FORMAT = "dwarf-with-dsym";
				ENABLE_NS_ASSERTIONS = NO;
				ENABLE_STRICT_OBJC_MSGSEND = YES;
				GCC_C_LANGUAGE_STANDARD = gnu17;
				GCC_NO_COMMON_BLOCKS = YES;
				GCC_WARN_64_TO_32_BIT_CONVERSION = YES;
				GCC_WARN_ABOUT_RETURN_TYPE = YES_ERROR;
				GCC_WARN_UNDECLARED_SELECTOR = YES;
				GCC_WARN_UNINITIALIZED_AUTOS = YES_AGGRESSIVE;
				GCC_WARN_UNUSED_FUNCTION = YES;
				GCC_WARN_UNUSED_VARIABLE = YES;
				IPHONEOS_DEPLOYMENT_TARGET = 16.0;
				MTL_ENABLE_DEBUG_INFO = NO;
				MTL_FAST_MATH = YES;
				PRODUCT_NAME = "$(TARGET_NAME)";
				SWIFT_COMPILATION_MODE = wholemodule;
				SWIFT_OPTIMIZATION_LEVEL = "-O";
				SWIFT_VERSION = 5.0;
				VALIDATE_PRODUCT = YES;
				WATCHOS_DEPLOYMENT_TARGET = 9.0;
			};
			name = Release;
		};
		129DA2BBFFDA1B1EBA5A2F05 /* Release */ = {
			isa = XCBuildConfiguration;
			buildSettings = {
				ARCHS = "arm64 arm64_32";
				BUNDLE_LOADER = "$(TEST_HOST)";
				CODE_SIGN_STYLE = Automatic;
				FRAMEWORK_SEARCH_PATHS = (
					"$(inherited)",
					"$(SRCROOT)/../sharedWatch/build/bin/watchosCurrent/$(CONFIGURATION)Framework",
				);
				GENERATE_INFOPLIST_FILE = YES;
				LD_RUNPATH_SEARCH_PATHS = (
					"$(inherited)",
					"@executable_path/Frameworks",
					"@loader_path/Frameworks",
				);
				PRODUCT_BUNDLE_IDENTIFIER = com.mileway.ios.watchkitapp.tests;
				PRODUCT_NAME = "$(TARGET_NAME)";
				SDKROOT = watchsimulator;
				SKIP_INSTALL = YES;
				SWIFT_VERSION = 5.0;
				TARGETED_DEVICE_FAMILY = 4;
				TEST_HOST = "$(BUILT_PRODUCTS_DIR)/MilewayWatch.app/MilewayWatch";
				WATCHOS_DEPLOYMENT_TARGET = 9.0;
			};
			name = Release;
		};
		20D651E6E41F5D3CCF698EA8 /* Debug */ = {
			isa = XCBuildConfiguration;
			buildSettings = {
				CODE_SIGN_ENTITLEMENTS = MilewayWidgets/MilewayWidgets.entitlements;
				CODE_SIGN_STYLE = Automatic;
				CURRENT_PROJECT_VERSION = 1;
				GENERATE_INFOPLIST_FILE = NO;
				INFOPLIST_FILE = MilewayWidgets/Info.plist;
				IPHONEOS_DEPLOYMENT_TARGET = 16.0;
				LD_RUNPATH_SEARCH_PATHS = (
					"$(inherited)",
					"@executable_path/Frameworks",
					"@executable_path/../../Frameworks",
				);
				MARKETING_VERSION = 1.0;
				PRODUCT_BUNDLE_IDENTIFIER = com.mileway.ios.widgets;
				PRODUCT_NAME = "$(TARGET_NAME)";
				SDKROOT = iphoneos;
				SWIFT_EMIT_LOC_STRINGS = YES;
				SWIFT_VERSION = 5.0;
				TARGETED_DEVICE_FAMILY = 1;
			};
			name = Debug;
		};
		6C824A6EB4BAD43AE2A4BB29 /* Debug */ = {
			isa = XCBuildConfiguration;
			buildSettings = {
				ALWAYS_SEARCH_USER_PATHS = NO;
				CLANG_ANALYZER_NONNULL = YES;
				CLANG_ANALYZER_NUMBER_OBJECT_CONVERSION = YES_AGGRESSIVE;
				CLANG_CXX_LANGUAGE_STANDARD = "gnu++20";
				CLANG_CXX_LIBRARY = "libc++";
				CLANG_ENABLE_MODULES = YES;
				CLANG_ENABLE_OBJC_ARC = YES;
				CLANG_ENABLE_OBJC_WEAK = YES;
				CLANG_WARN_BLOCK_CAPTURE_AUTORELEASING = YES;
				CLANG_WARN_BOOL_CONVERSION = YES;
				CLANG_WARN_COMMA = YES;
				CLANG_WARN_CONSTANT_CONVERSION = YES;
				CLANG_WARN_DEPRECATED_OBJC_IMPLEMENTATIONS = YES;
				CLANG_WARN_DIRECT_OBJC_ISA_USAGE = YES_ERROR;
				CLANG_WARN_DOCUMENTATION_COMMENTS = YES;
				CLANG_WARN_EMPTY_BODY = YES;
				CLANG_WARN_ENUM_CONVERSION = YES;
				CLANG_WARN_INFINITE_RECURSION = YES;
				CLANG_WARN_INT_CONVERSION = YES;
				CLANG_WARN_NON_LITERAL_NULL_CONVERSION = YES;
				CLANG_WARN_OBJC_IMPLICIT_RETAIN_SELF = YES;
				CLANG_WARN_OBJC_LITERAL_CONVERSION = YES;
				CLANG_WARN_OBJC_ROOT_CLASS = YES_ERROR;
				CLANG_WARN_QUOTED_INCLUDE_IN_FRAMEWORK_HEADER = YES;
				CLANG_WARN_RANGE_LOOP_ANALYSIS = YES;
				CLANG_WARN_STRICT_PROTOTYPES = YES;
				CLANG_WARN_SUSPICIOUS_MOVE = YES;
				CLANG_WARN_UNGUARDED_AVAILABILITY = YES_AGGRESSIVE;
				CLANG_WARN_UNREACHABLE_CODE = YES;
				CLANG_WARN__DUPLICATE_METHOD_MATCH = YES;
				COPY_PHASE_STRIP = NO;
				DEBUG_INFORMATION_FORMAT = dwarf;
				ENABLE_STRICT_OBJC_MSGSEND = YES;
				ENABLE_TESTABILITY = YES;
				GCC_C_LANGUAGE_STANDARD = gnu17;
				GCC_DYNAMIC_NO_PIC = NO;
				GCC_NO_COMMON_BLOCKS = YES;
				GCC_OPTIMIZATION_LEVEL = 0;
				GCC_PREPROCESSOR_DEFINITIONS = (
					"DEBUG=1",
					"$(inherited)",
				);
				GCC_WARN_64_TO_32_BIT_CONVERSION = YES;
				GCC_WARN_ABOUT_RETURN_TYPE = YES_ERROR;
				GCC_WARN_UNDECLARED_SELECTOR = YES;
				GCC_WARN_UNINITIALIZED_AUTOS = YES_AGGRESSIVE;
				GCC_WARN_UNUSED_FUNCTION = YES;
				GCC_WARN_UNUSED_VARIABLE = YES;
				IPHONEOS_DEPLOYMENT_TARGET = 16.0;
				MTL_ENABLE_DEBUG_INFO = INCLUDE_SOURCE;
				MTL_FAST_MATH = YES;
				ONLY_ACTIVE_ARCH = YES;
				PRODUCT_NAME = "$(TARGET_NAME)";
				SWIFT_ACTIVE_COMPILATION_CONDITIONS = DEBUG;
				SWIFT_OPTIMIZATION_LEVEL = "-Onone";
				SWIFT_VERSION = 5.0;
				WATCHOS_DEPLOYMENT_TARGET = 9.0;
			};
			name = Debug;
		};
		9221A1FDC06803E8A2FC6E61 /* Debug */ = {
			isa = XCBuildConfiguration;
			buildSettings = {
				ASSETCATALOG_COMPILER_APPICON_NAME = "";
				CODE_SIGN_ENTITLEMENTS = iosApp/iosApp.entitlements;
				CODE_SIGN_IDENTITY = "iPhone Developer";
				CODE_SIGN_STYLE = Automatic;
				CURRENT_PROJECT_VERSION = 1;
				FRAMEWORK_SEARCH_PATHS = (
					"$(inherited)",
					"$(SRCROOT)/../shared/build/bin/iosSimulatorArm64/debugFramework",
					"\"../shared/build/bin/iosSimulatorArm64/debugFramework\"",
				);
				GENERATE_INFOPLIST_FILE = NO;
				INFOPLIST_FILE = iosApp/Info.plist;
				IPHONEOS_DEPLOYMENT_TARGET = 16.0;
				LD_RUNPATH_SEARCH_PATHS = (
					"$(inherited)",
					"@executable_path/Frameworks",
				);
				MARKETING_VERSION = 1.0;
				PRODUCT_BUNDLE_IDENTIFIER = com.mileway.ios;
				PRODUCT_NAME = "$(TARGET_NAME)";
				SDKROOT = iphoneos;
				SWIFT_EMIT_LOC_STRINGS = YES;
				SWIFT_VERSION = 5.0;
				TARGETED_DEVICE_FAMILY = 1;
			};
			name = Debug;
		};
		AF835BFF1220CA5AB5B867E4 /* Release */ = {
			isa = XCBuildConfiguration;
			buildSettings = {
				ASSETCATALOG_COMPILER_APPICON_NAME = "";
				CODE_SIGN_ENTITLEMENTS = iosApp/iosApp.entitlements;
				CODE_SIGN_IDENTITY = "iPhone Developer";
				CODE_SIGN_STYLE = Automatic;
				CURRENT_PROJECT_VERSION = 1;
				FRAMEWORK_SEARCH_PATHS = (
					"$(inherited)",
					"$(SRCROOT)/../shared/build/bin/iosSimulatorArm64/releaseFramework",
					"\"../shared/build/bin/iosSimulatorArm64/debugFramework\"",
				);
				GENERATE_INFOPLIST_FILE = NO;
				INFOPLIST_FILE = iosApp/Info.plist;
				IPHONEOS_DEPLOYMENT_TARGET = 16.0;
				LD_RUNPATH_SEARCH_PATHS = (
					"$(inherited)",
					"@executable_path/Frameworks",
				);
				MARKETING_VERSION = 1.0;
				PRODUCT_BUNDLE_IDENTIFIER = com.mileway.ios;
				PRODUCT_NAME = "$(TARGET_NAME)";
				SDKROOT = iphoneos;
				SWIFT_EMIT_LOC_STRINGS = YES;
				SWIFT_VERSION = 5.0;
				TARGETED_DEVICE_FAMILY = 1;
			};
			name = Release;
		};
		BB5927AAA8ECED65FDDB8AFA /* Release */ = {
			isa = XCBuildConfiguration;
			buildSettings = {
				CODE_SIGN_ENTITLEMENTS = MilewayWidgets/MilewayWidgets.entitlements;
				CODE_SIGN_STYLE = Automatic;
				CURRENT_PROJECT_VERSION = 1;
				GENERATE_INFOPLIST_FILE = NO;
				INFOPLIST_FILE = MilewayWidgets/Info.plist;
				IPHONEOS_DEPLOYMENT_TARGET = 16.0;
				LD_RUNPATH_SEARCH_PATHS = (
					"$(inherited)",
					"@executable_path/Frameworks",
					"@executable_path/../../Frameworks",
				);
				MARKETING_VERSION = 1.0;
				PRODUCT_BUNDLE_IDENTIFIER = com.mileway.ios.widgets;
				PRODUCT_NAME = "$(TARGET_NAME)";
				SDKROOT = iphoneos;
				SWIFT_EMIT_LOC_STRINGS = YES;
				SWIFT_VERSION = 5.0;
				TARGETED_DEVICE_FAMILY = 1;
			};
			name = Release;
		};
		EA1F87AB0EEB3DBF538BCF2A /* Debug */ = {
			isa = XCBuildConfiguration;
			buildSettings = {
				ARCHS = "arm64 arm64_32";
				ASSETCATALOG_COMPILER_APPICON_NAME = AppIcon;
				CODE_SIGN_STYLE = Automatic;
				CURRENT_PROJECT_VERSION = 1;
				FRAMEWORK_SEARCH_PATHS = (
					"$(inherited)",
					"$(SRCROOT)/../sharedWatch/build/bin/watchosCurrent/$(CONFIGURATION)Framework",
				);
				GENERATE_INFOPLIST_FILE = NO;
				INFOPLIST_FILE = MilewayWatch/Info.plist;
				MARKETING_VERSION = 1.0;
				OTHER_LDFLAGS = (
					"$(inherited)",
					"-framework",
					SharedWatch,
				);
				PRODUCT_BUNDLE_IDENTIFIER = com.mileway.ios.watchkitapp;
				PRODUCT_NAME = "$(TARGET_NAME)";
				SDKROOT = watchsimulator;
				SKIP_INSTALL = YES;
				SWIFT_EMIT_LOC_STRINGS = YES;
				SWIFT_VERSION = 5.0;
				TARGETED_DEVICE_FAMILY = 4;
				WATCHOS_DEPLOYMENT_TARGET = 9.0;
				WKApplication = YES;
				WKCompanionAppBundleIdentifier = com.mileway.ios;
				WKRunsIndependentlyOfCompanionApp = YES;
			};
			name = Debug;
		};
/* End XCBuildConfiguration section */

/* Begin XCConfigurationList section */
		29DCA9F0B3A40325067EB163 /* Build configuration list for PBXNativeTarget "iosApp" */ = {
			isa = XCConfigurationList;
			buildConfigurations = (
				9221A1FDC06803E8A2FC6E61 /* Debug */,
				AF835BFF1220CA5AB5B867E4 /* Release */,
			);
			defaultConfigurationIsVisible = 0;
			defaultConfigurationName = Debug;
		};
		568BFC9281EA3F776983D52F /* Build configuration list for PBXNativeTarget "MilewayWatchTests" */ = {
			isa = XCConfigurationList;
			buildConfigurations = (
				00DCC71E775108B35120BD2B /* Debug */,
				129DA2BBFFDA1B1EBA5A2F05 /* Release */,
			);
			defaultConfigurationIsVisible = 0;
			defaultConfigurationName = Debug;
		};
		E71EBCBF67B11FE918CEC366 /* Build configuration list for PBXNativeTarget "MilewayWatch" */ = {
			isa = XCConfigurationList;
			buildConfigurations = (
				EA1F87AB0EEB3DBF538BCF2A /* Debug */,
				0F5EC5F049AD06BA761748B7 /* Release */,
			);
			defaultConfigurationIsVisible = 0;
			defaultConfigurationName = Debug;
		};
		EAC5BFABC74D56533EE1A3CA /* Build configuration list for PBXNativeTarget "MilewayWidgets" */ = {
			isa = XCConfigurationList;
			buildConfigurations = (
				20D651E6E41F5D3CCF698EA8 /* Debug */,
				BB5927AAA8ECED65FDDB8AFA /* Release */,
			);
			defaultConfigurationIsVisible = 0;
			defaultConfigurationName = Debug;
		};
		FF7CA1CA754D017066F1822F /* Build configuration list for PBXProject "iosApp" */ = {
			isa = XCConfigurationList;
			buildConfigurations = (
				6C824A6EB4BAD43AE2A4BB29 /* Debug */,
				11814011E7D6EC822BFBC66D /* Release */,
			);
			defaultConfigurationIsVisible = 0;
			defaultConfigurationName = Debug;
		};
/* End XCConfigurationList section */
	};
	rootObject = 242FB5348943441C388468CE /* Project object */;
}
